
Microsoft Visual Studio Solution File, Format Version 12.00
# Visual Studio Version 16
VisualStudioVersion = 16.0.810.19
MinimumVisualStudioVersion = 10.0.40219.1
Project("{FAE04EC0-301F-11D3-BF4B-00C04F79EFBC}") = "Boutiquei.Android", "Boutiquei.Android\Boutiquei.Android.csproj", "{032FE848-22C0-4163-B438-2D50B6D7B8A0}"
EndProject
Project("{FAE04EC0-301F-11D3-BF4B-00C04F79EFBC}") = "Boutiquei.iOS", "Boutiquei.iOS\Boutiquei.iOS.csproj", "{44A3EDC2-D361-45F5-A5C9-EA67ED69597D}"
EndProject
Project("{FAE04EC0-301F-11D3-BF4B-00C04F79EFBC}") = "Boutiquei", "Boutiquei\Boutiquei.csproj", "{E6822943-EA22-4726-BBE5-2AF641969A34}"
EndProject
Global
	GlobalSection(SolutionConfigurationPlatforms) = preSolution
		Debug|Any CPU = Debug|Any CPU
		Release|Any CPU = Release|Any CPU
		Debug|iPhoneSimulator = Debug|iPhoneSimulator
		Release|iPhoneSimulator = Release|iPhoneSimulator
		Debug|iPhone = Debug|iPhone
		Release|iPhone = Release|iPhone
	EndGlobalSection
	GlobalSection(ProjectConfigurationPlatforms) = postSolution
		{032FE848-22C0-4163-B438-2D50B6D7B8A0}.Debug|Any CPU.ActiveCfg = Debug|Any CPU
		{032FE848-22C0-4163-B438-2D50B6D7B8A0}.Debug|Any CPU.Build.0 = Debug|Any CPU
		{032FE848-22C0-4163-B438-2D50B6D7B8A0}.Release|Any CPU.ActiveCfg = Release|Any CPU
		{032FE848-22C0-4163-B438-2D50B6D7B8A0}.Release|Any CPU.Build.0 = Release|Any CPU
		{032FE848-22C0-4163-B438-2D50B6D7B8A0}.Debug|iPhoneSimulator.ActiveCfg = Debug|Any CPU
		{032FE848-22C0-4163-B438-2D50B6D7B8A0}.Debug|iPhoneSimulator.Build.0 = Debug|Any CPU
		{032FE848-22C0-4163-B438-2D50B6D7B8A0}.Release|iPhoneSimulator.ActiveCfg = Release|Any CPU
		{032FE848-22C0-4163-B438-2D50B6D7B8A0}.Release|iPhoneSimulator.Build.0 = Release|Any CPU
		{032FE848-22C0-4163-B438-2D50B6D7B8A0}.Debug|iPhone.ActiveCfg = Debug|Any CPU
		{032FE848-22C0-4163-B438-2D50B6D7B8A0}.Debug|iPhone.Build.0 = Debug|Any CPU
		{032FE848-22C0-4163-B438-2D50B6D7B8A0}.Release|iPhone.ActiveCfg = Release|Any CPU
		{032FE848-22C0-4163-B438-2D50B6D7B8A0}.Release|iPhone.Build.0 = Release|Any CPU
		{44A3EDC2-D361-45F5-A5C9-EA67ED69597D}.Debug|Any CPU.ActiveCfg = Debug|iPhoneSimulator
		{44A3EDC2-D361-45F5-A5C9-EA67ED69597D}.Debug|Any CPU.Build.0 = Debug|iPhoneSimulator
		{44A3EDC2-D361-45F5-A5C9-EA67ED69597D}.Release|Any CPU.ActiveCfg = Release|iPhoneSimulator
		{44A3EDC2-D361-45F5-A5C9-EA67ED69597D}.Release|Any CPU.Build.0 = Release|iPhoneSimulator
		{44A3EDC2-D361-45F5-A5C9-EA67ED69597D}.Debug|iPhoneSimulator.ActiveCfg = Debug|iPhoneSimulator
		{44A3EDC2-D361-45F5-A5C9-EA67ED69597D}.Debug|iPhoneSimulator.Build.0 = Debug|iPhoneSimulator
		{44A3EDC2-D361-45F5-A5C9-EA67ED69597D}.Release|iPhoneSimulator.ActiveCfg = Release|iPhoneSimulator
		{44A3EDC2-D361-45F5-A5C9-EA67ED69597D}.Release|iPhoneSimulator.Build.0 = Release|iPhoneSimulator
		{44A3EDC2-D361-45F5-A5C9-EA67ED69597D}.Debug|iPhone.ActiveCfg = Debug|iPhone
		{44A3EDC2-D361-45F5-A5C9-EA67ED69597D}.Debug|iPhone.Build.0 = Debug|iPhone
		{44A3EDC2-D361-45F5-A5C9-EA67ED69597D}.Release|iPhone.ActiveCfg = Release|iPhone
		{44A3EDC2-D361-45F5-A5C9-EA67ED69597D}.Release|iPhone.Build.0 = Release|iPhone
		{E6822943-EA22-4726-BBE5-2AF641969A34}.Debug|Any CPU.ActiveCfg = Debug|Any CPU
		{E6822943-EA22-4726-BBE5-2AF641969A34}.Debug|Any CPU.Build.0 = Debug|Any CPU
		{E6822943-EA22-4726-BBE5-2AF641969A34}.Release|Any CPU.ActiveCfg = Release|Any CPU
		{E6822943-EA22-4726-BBE5-2AF641969A34}.Release|Any CPU.Build.0 = Release|Any CPU
		{E6822943-EA22-4726-BBE5-2AF641969A34}.Debug|iPhoneSimulator.ActiveCfg = Debug|Any CPU
		{E6822943-EA22-4726-BBE5-2AF641969A34}.Debug|iPhoneSimulator.Build.0 = Debug|Any CPU
		{E6822943-EA22-4726-BBE5-2AF641969A34}.Release|iPhoneSimulator.ActiveCfg = Release|Any CPU
		{E6822943-EA22-4726-BBE5-2AF641969A34}.Release|iPhoneSimulator.Build.0 = Release|Any CPU
		{E6822943-EA22-4726-BBE5-2AF641969A34}.Debug|iPhone.ActiveCfg = Debug|Any CPU
		{E6822943-EA22-4726-BBE5-2AF641969A34}.Debug|iPhone.Build.0 = Debug|Any CPU
		{E6822943-EA22-4726-BBE5-2AF641969A34}.Release|iPhone.ActiveCfg = Release|Any CPU
		{E6822943-EA22-4726-BBE5-2AF641969A34}.Release|iPhone.Build.0 = Release|Any CPU
	EndGlobalSection
	GlobalSection(SolutionProperties) = preSolution
		HideSolutionNode = FALSE
	EndGlobalSection
	GlobalSection(ExtensibilityGlobals) = postSolution
		SolutionGuid = {7B439563-9617-4058-B8D4-8C8B60D5728D}
	EndGlobalSection
EndGlobal
